
Microsoft Visual Studio Solution File, Format Version 12.00
# Visual Studio Version 17
VisualStudioVersion = 17.0.31903.59
MinimumVisualStudioVersion = 10.0.40219.1
Project("{2150E333-8FDC-42A3-9474-1A3956D46DE8}") = "src", "src", "{827E0CD3-B72D-47B6-A68D-7590B98EB39B}"
EndProject
Project("{FAE04EC0-301F-11D3-BF4B-00C04F79EFBC}") = "Flir.Irma.Cli", "src\Flir.Irma.Cli\Flir.Irma.Cli.csproj", "{C4035441-1B7C-443B-91B7-C0EACB0AF52A}"
EndProject
Project("{FAE04EC0-301F-11D3-BF4B-00C04F79EFBC}") = "Flir.Irma.WebApi", "src\Flir.Irma.WebApi\Flir.Irma.WebApi.csproj", "{8B14FBD2-1D4E-460A-878A-2F6EAF41A43E}"
EndProject
Project("{FAE04EC0-301F-11D3-BF4B-00C04F79EFBC}") = "Flir.Irma.WebApi.Tests", "src\Flir.Irma.WebApi.Tests\Flir.Irma.WebApi.Tests.csproj", "{60F6085A-5776-44B3-8CC7-8D37CB48AC0D}"
EndProject
Project("{FAE04EC0-301F-11D3-BF4B-00C04F79EFBC}") = "Flir.Irma.Cli.Tests", "src\Flir.Irma.Cli.Tests\Flir.Irma.Cli.Tests.csproj", "{4C30EDCB-8E50-4071-924B-F12F6CF9AD63}"
EndProject
Global
	GlobalSection(SolutionConfigurationPlatforms) = preSolution
		Debug|Any CPU = Debug|Any CPU
		Debug|x64 = Debug|x64
		Debug|x86 = Debug|x86
		Release|Any CPU = Release|Any CPU
		Release|x64 = Release|x64
		Release|x86 = Release|x86
	EndGlobalSection
	GlobalSection(ProjectConfigurationPlatforms) = postSolution
		{C4035441-1B7C-443B-91B7-C0EACB0AF52A}.Debug|Any CPU.ActiveCfg = Debug|Any CPU
		{C4035441-1B7C-443B-91B7-C0EACB0AF52A}.Debug|Any CPU.Build.0 = Debug|Any CPU
		{C4035441-1B7C-443B-91B7-C0EACB0AF52A}.Debug|x64.ActiveCfg = Debug|Any CPU
		{C4035441-1B7C-443B-91B7-C0EACB0AF52A}.Debug|x64.Build.0 = Debug|Any CPU
		{C4035441-1B7C-443B-91B7-C0EACB0AF52A}.Debug|x86.ActiveCfg = Debug|Any CPU
		{C4035441-1B7C-443B-91B7-C0EACB0AF52A}.Debug|x86.Build.0 = Debug|Any CPU
		{C4035441-1B7C-443B-91B7-C0EACB0AF52A}.Release|Any CPU.ActiveCfg = Release|Any CPU
		{C4035441-1B7C-443B-91B7-C0EACB0AF52A}.Release|Any CPU.Build.0 = Release|Any CPU
		{C4035441-1B7C-443B-91B7-C0EACB0AF52A}.Release|x64.ActiveCfg = Release|Any CPU
		{C4035441-1B7C-443B-91B7-C0EACB0AF52A}.Release|x64.Build.0 = Release|Any CPU
		{C4035441-1B7C-443B-91B7-C0EACB0AF52A}.Release|x86.ActiveCfg = Release|Any CPU
		{C4035441-1B7C-443B-91B7-C0EACB0AF52A}.Release|x86.Build.0 = Release|Any CPU
		{8B14FBD2-1D4E-460A-878A-2F6EAF41A43E}.Debug|Any CPU.ActiveCfg = Debug|Any CPU
		{8B14FBD2-1D4E-460A-878A-2F6EAF41A43E}.Debug|Any CPU.Build.0 = Debug|Any CPU
		{8B14FBD2-1D4E-460A-878A-2F6EAF41A43E}.Debug|x64.ActiveCfg = Debug|Any CPU
		{8B14FBD2-1D4E-460A-878A-2F6EAF41A43E}.Debug|x64.Build.0 = Debug|Any CPU
		{8B14FBD2-1D4E-460A-878A-2F6EAF41A43E}.Debug|x86.ActiveCfg = Debug|Any CPU
		{8B14FBD2-1D4E-460A-878A-2F6EAF41A43E}.Debug|x86.Build.0 = Debug|Any CPU
		{8B14FBD2-1D4E-460A-878A-2F6EAF41A43E}.Release|Any CPU.ActiveCfg = Release|Any CPU
		{8B14FBD2-1D4E-460A-878A-2F6EAF41A43E}.Release|Any CPU.Build.0 = Release|Any CPU
		{8B14FBD2-1D4E-460A-878A-2F6EAF41A43E}.Release|x64.ActiveCfg = Release|Any CPU
		{8B14FBD2-1D4E-460A-878A-2F6EAF41A43E}.Release|x64.Build.0 = Release|Any CPU
		{8B14FBD2-1D4E-460A-878A-2F6EAF41A43E}.Release|x86.ActiveCfg = Release|Any CPU
		{8B14FBD2-1D4E-460A-878A-2F6EAF41A43E}.Release|x86.Build.0 = Release|Any CPU
		{60F6085A-5776-44B3-8CC7-8D37CB48AC0D}.Debug|Any CPU.ActiveCfg = Debug|Any CPU
		{60F6085A-5776-44B3-8CC7-8D37CB48AC0D}.Debug|Any CPU.Build.0 = Debug|Any CPU
		{60F6085A-5776-44B3-8CC7-8D37CB48AC0D}.Debug|x64.ActiveCfg = Debug|Any CPU
		{60F6085A-5776-44B3-8CC7-8D37CB48AC0D}.Debug|x64.Build.0 = Debug|Any CPU
		{60F6085A-5776-44B3-8CC7-8D37CB48AC0D}.Debug|x86.ActiveCfg = Debug|Any CPU
		{60F6085A-5776-44B3-8CC7-8D37CB48AC0D}.Debug|x86.Build.0 = Debug|Any CPU
		{60F6085A-5776-44B3-8CC7-8D37CB48AC0D}.Release|Any CPU.ActiveCfg = Release|Any CPU
		{60F6085A-5776-44B3-8CC7-8D37CB48AC0D}.Release|Any CPU.Build.0 = Release|Any CPU
		{60F6085A-5776-44B3-8CC7-8D37CB48AC0D}.Release|x64.ActiveCfg = Release|Any CPU
		{60F6085A-5776-44B3-8CC7-8D37CB48AC0D}.Release|x64.Build.0 = Release|Any CPU
		{60F6085A-5776-44B3-8CC7-8D37CB48AC0D}.Release|x86.ActiveCfg = Release|Any CPU
		{60F6085A-5776-44B3-8CC7-8D37CB48AC0D}.Release|x86.Build.0 = Release|Any CPU
		{4C30EDCB-8E50-4071-924B-F12F6CF9AD63}.Debug|Any CPU.ActiveCfg = Debug|Any CPU
		{4C30EDCB-8E50-4071-924B-F12F6CF9AD63}.Debug|Any CPU.Build.0 = Debug|Any CPU
		{4C30EDCB-8E50-4071-924B-F12F6CF9AD63}.Debug|x64.ActiveCfg = Debug|Any CPU
		{4C30EDCB-8E50-4071-924B-F12F6CF9AD63}.Debug|x64.Build.0 = Debug|Any CPU
		{4C30EDCB-8E50-4071-924B-F12F6CF9AD63}.Debug|x86.ActiveCfg = Debug|Any CPU
		{4C30EDCB-8E50-4071-924B-F12F6CF9AD63}.Debug|x86.Build.0 = Debug|Any CPU
		{4C30EDCB-8E50-4071-924B-F12F6CF9AD63}.Release|Any CPU.ActiveCfg = Release|Any CPU
		{4C30EDCB-8E50-4071-924B-F12F6CF9AD63}.Release|Any CPU.Build.0 = Release|Any CPU
		{4C30EDCB-8E50-4071-924B-F12F6CF9AD63}.Release|x64.ActiveCfg = Release|Any CPU
		{4C30EDCB-8E50-4071-924B-F12F6CF9AD63}.Release|x64.Build.0 = Release|Any CPU
		{4C30EDCB-8E50-4071-924B-F12F6CF9AD63}.Release|x86.ActiveCfg = Release|Any CPU
		{4C30EDCB-8E50-4071-924B-F12F6CF9AD63}.Release|x86.Build.0 = Release|Any CPU
	EndGlobalSection
	GlobalSection(SolutionProperties) = preSolution
		HideSolutionNode = FALSE
	EndGlobalSection
	GlobalSection(NestedProjects) = preSolution
		{C4035441-1B7C-443B-91B7-C0EACB0AF52A} = {827E0CD3-B72D-47B6-A68D-7590B98EB39B}
		{8B14FBD2-1D4E-460A-878A-2F6EAF41A43E} = {827E0CD3-B72D-47B6-A68D-7590B98EB39B}
		{60F6085A-5776-44B3-8CC7-8D37CB48AC0D} = {827E0CD3-B72D-47B6-A68D-7590B98EB39B}
		{4C30EDCB-8E50-4071-924B-F12F6CF9AD63} = {827E0CD3-B72D-47B6-A68D-7590B98EB39B}
	EndGlobalSection
EndGlobal
